{
  "version": 4,
  "terraform_version": "0.13.5",
  "serial": 933,
  "lineage": "e97ea028-38ee-a29b-89e3-92e4d2da6b0a",
  "outputs": {
    "azurerm_dns_zone": {
      "value": [
        "ns1-03.azure-dns.com.",
        "ns2-03.azure-dns.net.",
        "ns3-03.azure-dns.org.",
        "ns4-03.azure-dns.info."
      ],
      "type": [
        "set",
        "string"
      ]
    },
    "server-ip": {
      "value": "40.87.48.89",
      "type": "string"
    },
    "tls_private_key": {
      "value": "-----BEGIN RSA PRIVATE KEY-----\nMIIJKAIBAAKCAgEAtgF0Ck9Q9yJnMNGnCM/G82DX0VSlYk+7i/sjqJd5p5doAdJV\n6F1jP4Dg54m7i5307HjNER5051BX8Gn1sZ5Qxt7L9P569mr/xhIwfDs/bcStG3Ew\nyuyuWJKE9EZNTyHk2r1S0J827p0RCKe/K23NbeYMbDrGWVkL2OO5M6h0J6xpM3bS\nqKq142Qd47ymyoxAN+m1RD1YMn/vraeEiDXbHSfFgW6wbiKrPf6gvpIh3CtqzHeq\nLOyAZtXV7FrHoTeXk3qghgF8jN/afc3bRbdxh02Fq82Xqp5qT4jCdP+huzSKFtHR\n9mWisvsNvydHI43h6vKj4Bz9DszThI05AGfTpOY7sjtpfWhJ5x4lC40Q+XIyEvUG\nsePLXtTnAFTvBUySXis2duW2ZUXUmzzZD7gEGlZLgH6/Xx7xwfH4Bvx9wSApvVUg\n07NgwhD7hLl93z3ZVEIJuJwwyT8QE0gzlAy601BM7GzDCvhwThPzu9EhTpbTnM9m\nZt8U8zqgSj5/i6pnQ5bvH2VEfbQMaROy6rNV+kJ9sLdDsL1wjVgZkJtoDlLMISKj\n1yZGJJrcSHmX2hV4eK/5NuJSgU70zPuL6jjCb7A1wCMSdl5T1dooJuwSY3o73dxn\nLhU+3hMrs6JwwNVCZiVCy/wQBy1ErvdFdq/GyTxCxyVFedGLcXdvKk77bvkCAwEA\nAQKCAgAf+pNj+Fm2goH1DvE1WCSRwLNK4X+JjY7bYo36YlsKukyY/VcA09/LWZ6q\nsAWW23McVYFaf6p0tiYtZMC5q6JvvtfBPTFnuJcmOy3vtg1IASWVS8cR8JIVl/Dq\nZqvQupjWYit54m+pb0l95tNtEwbkR2ZpYc5WBpJRUnnI/NEj42Q8maUb45q/0Gh8\nCjqYHhpueI7T5Z9oiBgZv/RGZogQUFugiU1QnKDP7Lxbn5t5btt9/4yUBh3tc6b5\nt12aEwV78TDhOsOikPZ34kKjtj6pUlKpRB9g6CKvxMy99+h31xxoNAebLnJu1jOt\nIX6bXaOTP3zRtOY1woFrqdCZJKUH6U4zpGan4MUR6XV79HGPcr9DQsoFr/uJBl9u\nxU+KRdKMOsv+LhYSRJ0leqgkt62izTiR+xQHfdZAT5dEwQ8D7guKRJTYnYHoLu6o\n+1wMyc7ZoooQJ2oCbQtSE7sTPQet07AttE3+xT+y5aBUdVsu0vjwQNqUOhgQwSck\ngvlW0rjL6nba4/aA+JzMFd99i3ayptWAVFCgC1gnW21sPlphTkhbccCfmLR2gUEP\nxN4yt7SZdnD7jUlQapoGGshCUXL5Nl3jRR9RDIgCL7RAv8Eaw3TWd3j2sTL9u72p\nB4jaEgb1ZUZXrV0uOXZOePQ/no8bhfP3BNBfFUzUPNNMy00UzQKCAQEAz3D4o52q\npnS9OGcn4SPG9QaF8Qca5cFgc7+YZDapbVyTRqNXm5/FWeQwD4QEWk5lIXJBVvDl\ngYhffJ42kfOkLf+rh9ObhFxHNU6qQyXMOSyLGv5kBytUdzbf8qexKRScbz2hisZv\nrpHz00vPPyL8+yercaLGvic3+ueJfejowEwxxuHHFooSXyn/898LRPUYlxIAcY1G\nePJX0IO0wfI4WwwyyC25CbsP7bBCrVcYoJqeI59lnvQG25N9BGVZaa7gVL4eE79L\nKVXyp+SfcGQL13aa/9p0eCs+Nui/Xapd3AB+iYhrPhq/OHOOF7+rQt+gRZ1CsoSN\nX9Ko680UHHUmgwKCAQEA4Jw9QkkpDUQ9vR2Fix+CpnYMtt6nYIsjcSxFh/Tn0ECH\nhcuXeSAcHamhXEtXzZ3/fH5hbDEJ27YJbFs1AhO6hix2r/9b7LXf+OQwvmWWhd9U\nyEEYCLwM0r9oqtMSy+4BF5J5W95Y68XZi4chVWAGGu6iKKI7P2brtaROnHy38cjA\nxZBTxrohuCH0v3CNwJYlgmvzo5OXjfcGEurbyalr3M/r/o2nRlwwZ+g3BVKpW/tr\nGVXh7lt7zwhHvnOHuPiwbkXz8Ir9PCB8juTsK84fVQ6KBNMEwPGWxgVa0efPVaFW\nNOlVKm47SsaXioOgGYoeKE08OMlUXQDvowJWQZm70wKCAQEAvE98luLY+FR/NUWH\nkTyuLt5mFuBxTWKXUVv7VfW9JjbkxzoenHqUZ77a1irs3KHP8mXK5Ma4QTdwHyts\ntF+tichPiXTR93zhc4Xe0Cfu1XQXL0EBwvRVsAcTky8hhv5b6CvViqoK1jlOU2C9\nWT5E0yY232h57EKj8dPgH3mgWHiSs01gMpjShqsU2+h9TXMFiJZh6rLp539vsizt\nmSZufFB9hPTkxe2XTxkz3jFzfM//gK0BTiOOWiPwWF48pdCHesY/fYOpEnQgXMMQ\n7bEUgtr7aAmCs1fmGWh91+SBYebc97LsT6tuLSvRMMPhD0r8LlXNJ0tnHzaX+77m\nY9MBSwKCAQAgAOMRoM8CnuiVG7G9gv3grg1duRfsP6cLJx25I4IsQCWPQNUSYyre\nZx8gwXN/TrXqjS9gdRRMhAGPuOcyppD7MTawGRiF/9wr4Ie5eUwbQxkXd37vL6w8\nEx3cyTpyaDUroKk+F85fuc8nfFeZjJcSG1Jrq8H5ZLbNKN4ymeqzvsEI5WmqdTb8\nv4naBTWNbVdm3+7VLeB4T+xDocczUrqVueKMYK6m7dfP1lyQm5iaDJbUA1Kv3cUk\nWK+wSVHbX0P0Um9RpNw0RwS4b5HfI/1+5xVvXonc3A95o6WvJvJ55wUbgOurog08\nuFM7X0nembl2UJr2FGm63rlGZrzXmAoVAoIBAHoF2Omm7rB9Qmg27Ccd2cwa0U1N\nL93yUYQzqzFApf0uy9kXGkFsTW9HJCzwofDrX4CIDEkSPWMPWxcb6CCRQHGaKp+1\nEkiQQ8UYsmQdlu9PcLttsPp1qSpAo4rz0zM7DYxpsaBg7ZmwxPXdxSR1lnYqjtjq\nfoZdq31qKlmbZn3ArgsWuJiHfbJ7ckn9JYiXS+r6nXZsc1HupkdiZZjKzJw4SL4F\nIjo1xZHH3cNltYwqxHeRefSDnZ6Pl1mhL6rOg+pfk00Iru6iU1AWyTmFe/NReGD2\nHu1EnDz7ZzeRQFu9mkBWcs2+kf6UvX2ntQa79y6AtO8osDdxtbtBnefL2FU=\n-----END RSA PRIVATE KEY-----\n",
      "type": "string"
    }
  },
  "resources": [
    {
      "mode": "data",
      "type": "azurerm_public_ip",
      "name": "server-ip",
      "provider": "provider[\"registry.terraform.io/hashicorp/azurerm\"]",
      "instances": [
        {
          "schema_version": 0,
          "attributes": {
            "allocation_method": "Dynamic",
            "domain_name_label": "",
            "fqdn": "",
            "id": "/subscriptions/7e1efc27-a6dc-492a-897a-0dfe7b135285/resourceGroups/aifos/providers/Microsoft.Network/publicIPAddresses/aifos-server-ip",
            "idle_timeout_in_minutes": 4,
            "ip_address": "40.87.48.89",
            "ip_version": "IPv4",
            "location": "eastus",
            "name": "aifos-server-ip",
            "resource_group_name": "aifos",
            "reverse_fqdn": "",
            "sku": "Basic",
            "tags": {},
            "timeouts": null,
            "zones": []
          }
        }
      ]
    },
    {
      "mode": "managed",
      "type": "azurerm_dns_a_record",
      "name": "server-dns-ip",
      "provider": "provider[\"registry.terraform.io/hashicorp/azurerm\"]",
      "instances": [
        {
          "schema_version": 0,
          "attributes": {
            "fqdn": "aifos.smartapphouses.com.",
            "id": "/subscriptions/7e1efc27-a6dc-492a-897a-0dfe7b135285/resourceGroups/aifos/providers/Microsoft.Network/dnszones/smartapphouses.com/A/aifos",
            "name": "aifos",
            "records": [
              "40.87.48.89"
            ],
            "resource_group_name": "aifos",
            "tags": null,
            "target_resource_id": "",
            "timeouts": null,
            "ttl": 3600,
            "zone_name": "smartapphouses.com"
          },
          "private": "eyJlMmJmYjczMC1lY2FhLTExZTYtOGY4OC0zNDM2M2JjN2M0YzAiOnsiY3JlYXRlIjoxODAwMDAwMDAwMDAwLCJkZWxldGUiOjE4MDAwMDAwMDAwMDAsInJlYWQiOjMwMDAwMDAwMDAwMCwidXBkYXRlIjoxODAwMDAwMDAwMDAwfX0=",
          "dependencies": [
            "azurerm_dns_zone.dnszone",
            "azurerm_linux_virtual_machine.server",
            "azurerm_network_interface.vnic",
            "azurerm_public_ip.server-ip",
            "azurerm_resource_group.rg",
            "azurerm_subnet.subnet",
            "azurerm_virtual_network.vn",
            "data.azurerm_public_ip.server-ip",
            "tls_private_key.ssh"
          ]
        }
      ]
    },
    {
      "mode": "managed",
      "type": "azurerm_dns_zone",
      "name": "dnszone",
      "provider": "provider[\"registry.terraform.io/hashicorp/azurerm\"]",
      "instances": [
        {
          "schema_version": 0,
          "attributes": {
            "id": "/subscriptions/7e1efc27-a6dc-492a-897a-0dfe7b135285/resourceGroups/aifos/providers/Microsoft.Network/dnszones/smartapphouses.com",
            "max_number_of_record_sets": 10000,
            "name": "smartapphouses.com",
            "name_servers": [
              "ns1-03.azure-dns.com.",
              "ns2-03.azure-dns.net.",
              "ns3-03.azure-dns.org.",
              "ns4-03.azure-dns.info."
            ],
            "number_of_record_sets": 2,
            "resource_group_name": "aifos",
            "soa_record": [
              {
                "email": "azuredns-hostmaster.microsoft.com",
                "expire_time": 2419200,
                "fqdn": "smartapphouses.com.",
                "host_name": "ns1-03.azure-dns.com.",
                "minimum_ttl": 300,
                "refresh_time": 3600,
                "retry_time": 300,
                "serial_number": 1,
                "tags": {},
                "ttl": 3600
              }
            ],
            "tags": null,
            "timeouts": null
          },
          "private": "eyJlMmJmYjczMC1lY2FhLTExZTYtOGY4OC0zNDM2M2JjN2M0YzAiOnsiY3JlYXRlIjoxODAwMDAwMDAwMDAwLCJkZWxldGUiOjE4MDAwMDAwMDAwMDAsInJlYWQiOjMwMDAwMDAwMDAwMCwidXBkYXRlIjoxODAwMDAwMDAwMDAwfX0=",
          "dependencies": [
            "azurerm_resource_group.rg"
          ]
        }
      ]
    },
    {
      "mode": "managed",
      "type": "azurerm_linux_virtual_machine",
      "name": "server",
      "provider": "provider[\"registry.terraform.io/hashicorp/azurerm\"]",
      "instances": [
        {
          "schema_version": 0,
          "attributes": {
            "additional_capabilities": [],
            "admin_password": null,
            "admin_ssh_key": [
              {
                "public_key": "ssh-rsa AAAAB3NzaC1yc2EAAAADAQABAAACAQC2AXQKT1D3Imcw0acIz8bzYNfRVKViT7uL+yOol3mnl2gB0lXoXWM/gODnibuLnfTseM0RHnTnUFfwafWxnlDG3sv0/nr2av/GEjB8Oz9txK0bcTDK7K5YkoT0Rk1PIeTavVLQnzbunREIp78rbc1t5gxsOsZZWQvY47kzqHQnrGkzdtKoqrXjZB3jvKbKjEA36bVEPVgyf++tp4SINdsdJ8WBbrBuIqs9/qC+kiHcK2rMd6os7IBm1dXsWsehN5eTeqCGAXyM39p9zdtFt3GHTYWrzZeqnmpPiMJ0/6G7NIoW0dH2ZaKy+w2/J0cjjeHq8qPgHP0OzNOEjTkAZ9Ok5juyO2l9aEnnHiULjRD5cjIS9Qax48te1OcAVO8FTJJeKzZ25bZlRdSbPNkPuAQaVkuAfr9fHvHB8fgG/H3BICm9VSDTs2DCEPuEuX3fPdlUQgm4nDDJPxATSDOUDLrTUEzsbMMK+HBOE/O70SFOltOcz2Zm3xTzOqBKPn+LqmdDlu8fZUR9tAxpE7Lqs1X6Qn2wt0OwvXCNWBmQm2gOUswhIqPXJkYkmtxIeZfaFXh4r/k24lKBTvTM+4vqOMJvsDXAIxJ2XlPV2igm7BJjejvd3GcuFT7eEyuzonDA1UJmJULL/BAHLUSu90V2r8bJPELHJUV50Ytxd28qTvtu+Q==\n",
                "username": "azureuser"
              }
            ],
            "admin_username": "azureuser",
            "allow_extension_operations": true,
            "availability_set_id": "",
            "boot_diagnostics": [],
            "computer_name": "aifos-server",
            "custom_data": null,
            "dedicated_host_id": "",
            "disable_password_authentication": true,
            "encryption_at_host_enabled": false,
            "eviction_policy": "",
            "extensions_time_budget": "PT1H30M",
            "id": "/subscriptions/7e1efc27-a6dc-492a-897a-0dfe7b135285/resourceGroups/aifos/providers/Microsoft.Compute/virtualMachines/aifosserver",
            "identity": [],
            "location": "eastus",
            "max_bid_price": -1,
            "name": "aifosserver",
            "network_interface_ids": [
              "/subscriptions/7e1efc27-a6dc-492a-897a-0dfe7b135285/resourceGroups/aifos/providers/Microsoft.Network/networkInterfaces/aifos-vnic"
            ],
            "os_disk": [
              {
                "caching": "ReadWrite",
                "diff_disk_settings": [],
                "disk_encryption_set_id": "",
                "disk_size_gb": 30,
                "name": "aifos-disk",
                "storage_account_type": "Premium_LRS",
                "write_accelerator_enabled": false
              }
            ],
            "plan": [],
            "priority": "Regular",
            "private_ip_address": "10.0.2.4",
            "private_ip_addresses": [
              "10.0.2.4"
            ],
            "provision_vm_agent": true,
            "proximity_placement_group_id": "",
            "public_ip_address": "40.87.48.89",
            "public_ip_addresses": [
              "40.87.48.89"
            ],
            "resource_group_name": "aifos",
            "secret": [],
            "size": "Standard_B1ls",
            "source_image_id": "",
            "source_image_reference": [
              {
                "offer": "UbuntuServer",
                "publisher": "Canonical",
                "sku": "18.04-LTS",
                "version": "latest"
              }
            ],
            "tags": {
              "env": "terraform"
            },
            "timeouts": null,
            "virtual_machine_id": "75531f66-0807-4234-ba26-00d570a4c975",
            "virtual_machine_scale_set_id": "",
            "zone": ""
          },
          "private": "eyJlMmJmYjczMC1lY2FhLTExZTYtOGY4OC0zNDM2M2JjN2M0YzAiOnsiY3JlYXRlIjoyNzAwMDAwMDAwMDAwLCJkZWxldGUiOjI3MDAwMDAwMDAwMDAsInJlYWQiOjMwMDAwMDAwMDAwMCwidXBkYXRlIjoyNzAwMDAwMDAwMDAwfX0=",
          "dependencies": [
            "azurerm_network_interface.vnic",
            "azurerm_public_ip.server-ip",
            "azurerm_resource_group.rg",
            "azurerm_subnet.subnet",
            "azurerm_virtual_network.vn",
            "tls_private_key.ssh"
          ]
        }
      ]
    },
    {
      "mode": "managed",
      "type": "azurerm_network_interface",
      "name": "vnic",
      "provider": "provider[\"registry.terraform.io/hashicorp/azurerm\"]",
      "instances": [
        {
          "schema_version": 0,
          "attributes": {
            "applied_dns_servers": [],
            "dns_servers": [],
            "enable_accelerated_networking": false,
            "enable_ip_forwarding": false,
            "id": "/subscriptions/7e1efc27-a6dc-492a-897a-0dfe7b135285/resourceGroups/aifos/providers/Microsoft.Network/networkInterfaces/aifos-vnic",
            "internal_dns_name_label": "",
            "internal_domain_name_suffix": "u0go1bcaspvutgtpsb51mbi1eh.bx.internal.cloudapp.net",
            "ip_configuration": [
              {
                "name": "vnic-ip",
                "primary": true,
                "private_ip_address": "10.0.2.4",
                "private_ip_address_allocation": "Dynamic",
                "private_ip_address_version": "IPv4",
                "public_ip_address_id": "/subscriptions/7e1efc27-a6dc-492a-897a-0dfe7b135285/resourceGroups/aifos/providers/Microsoft.Network/publicIPAddresses/aifos-server-ip",
                "subnet_id": "/subscriptions/7e1efc27-a6dc-492a-897a-0dfe7b135285/resourceGroups/aifos/providers/Microsoft.Network/virtualNetworks/aifos-vnet/subnets/aifos-subnet"
              }
            ],
            "location": "eastus",
            "mac_address": "",
            "name": "aifos-vnic",
            "private_ip_address": "10.0.2.4",
            "private_ip_addresses": [
              "10.0.2.4"
            ],
            "resource_group_name": "aifos",
            "tags": {
              "env": "terraform"
            },
            "timeouts": null,
            "virtual_machine_id": ""
          },
          "private": "eyJlMmJmYjczMC1lY2FhLTExZTYtOGY4OC0zNDM2M2JjN2M0YzAiOnsiY3JlYXRlIjoxODAwMDAwMDAwMDAwLCJkZWxldGUiOjE4MDAwMDAwMDAwMDAsInJlYWQiOjMwMDAwMDAwMDAwMCwidXBkYXRlIjoxODAwMDAwMDAwMDAwfX0=",
          "dependencies": [
            "azurerm_public_ip.server-ip",
            "azurerm_resource_group.rg",
            "azurerm_subnet.subnet",
            "azurerm_virtual_network.vn"
          ]
        }
      ]
    },
    {
      "mode": "managed",
      "type": "azurerm_network_interface_security_group_association",
      "name": "nsg-association",
      "provider": "provider[\"registry.terraform.io/hashicorp/azurerm\"]",
      "instances": [
        {
          "schema_version": 0,
          "attributes": {
            "id": "/subscriptions/7e1efc27-a6dc-492a-897a-0dfe7b135285/resourceGroups/aifos/providers/Microsoft.Network/networkInterfaces/aifos-vnic|/subscriptions/7e1efc27-a6dc-492a-897a-0dfe7b135285/resourceGroups/aifos/providers/Microsoft.Network/networkSecurityGroups/aifos-nsg",
            "network_interface_id": "/subscriptions/7e1efc27-a6dc-492a-897a-0dfe7b135285/resourceGroups/aifos/providers/Microsoft.Network/networkInterfaces/aifos-vnic",
            "network_security_group_id": "/subscriptions/7e1efc27-a6dc-492a-897a-0dfe7b135285/resourceGroups/aifos/providers/Microsoft.Network/networkSecurityGroups/aifos-nsg",
            "timeouts": null
          },
          "private": "eyJlMmJmYjczMC1lY2FhLTExZTYtOGY4OC0zNDM2M2JjN2M0YzAiOnsiY3JlYXRlIjoxODAwMDAwMDAwMDAwLCJkZWxldGUiOjE4MDAwMDAwMDAwMDAsInJlYWQiOjMwMDAwMDAwMDAwMCwidXBkYXRlIjoxODAwMDAwMDAwMDAwfX0=",
          "dependencies": [
            "azurerm_network_interface.vnic",
            "azurerm_network_security_group.nsg",
            "azurerm_public_ip.server-ip",
            "azurerm_resource_group.rg",
            "azurerm_subnet.subnet",
            "azurerm_virtual_network.vn"
          ]
        }
      ]
    },
    {
      "mode": "managed",
      "type": "azurerm_network_security_group",
      "name": "nsg",
      "provider": "provider[\"registry.terraform.io/hashicorp/azurerm\"]",
      "instances": [
        {
          "schema_version": 0,
          "attributes": {
            "id": "/subscriptions/7e1efc27-a6dc-492a-897a-0dfe7b135285/resourceGroups/aifos/providers/Microsoft.Network/networkSecurityGroups/aifos-nsg",
            "location": "eastus",
            "name": "aifos-nsg",
            "resource_group_name": "aifos",
            "security_rule": [
              {
                "access": "Allow",
                "description": "",
                "destination_address_prefix": "*",
                "destination_address_prefixes": [],
                "destination_application_security_group_ids": [],
                "destination_port_range": "22",
                "destination_port_ranges": [],
                "direction": "Inbound",
                "name": "SSH",
                "priority": 1001,
                "protocol": "Tcp",
                "source_address_prefix": "*",
                "source_address_prefixes": [],
                "source_application_security_group_ids": [],
                "source_port_range": "*",
                "source_port_ranges": []
              },
              {
                "access": "Allow",
                "description": "",
                "destination_address_prefix": "*",
                "destination_address_prefixes": [],
                "destination_application_security_group_ids": [],
                "destination_port_range": "443",
                "destination_port_ranges": [],
                "direction": "Inbound",
                "name": "HTTPS",
                "priority": 1003,
                "protocol": "Tcp",
                "source_address_prefix": "*",
                "source_address_prefixes": [],
                "source_application_security_group_ids": [],
                "source_port_range": "*",
                "source_port_ranges": []
              },
              {
                "access": "Allow",
                "description": "",
                "destination_address_prefix": "*",
                "destination_address_prefixes": [],
                "destination_application_security_group_ids": [],
                "destination_port_range": "80",
                "destination_port_ranges": [],
                "direction": "Inbound",
                "name": "HTTP",
                "priority": 1002,
                "protocol": "Tcp",
                "source_address_prefix": "*",
                "source_address_prefixes": [],
                "source_application_security_group_ids": [],
                "source_port_range": "*",
                "source_port_ranges": []
              }
            ],
            "tags": {
              "env": "terraform"
            },
            "timeouts": null
          },
          "private": "eyJlMmJmYjczMC1lY2FhLTExZTYtOGY4OC0zNDM2M2JjN2M0YzAiOnsiY3JlYXRlIjoxODAwMDAwMDAwMDAwLCJkZWxldGUiOjE4MDAwMDAwMDAwMDAsInJlYWQiOjMwMDAwMDAwMDAwMCwidXBkYXRlIjoxODAwMDAwMDAwMDAwfX0=",
          "dependencies": [
            "azurerm_resource_group.rg"
          ]
        }
      ]
    },
    {
      "mode": "managed",
      "type": "azurerm_public_ip",
      "name": "server-ip",
      "provider": "provider[\"registry.terraform.io/hashicorp/azurerm\"]",
      "instances": [
        {
          "schema_version": 0,
          "attributes": {
            "allocation_method": "Dynamic",
            "domain_name_label": null,
            "fqdn": null,
            "id": "/subscriptions/7e1efc27-a6dc-492a-897a-0dfe7b135285/resourceGroups/aifos/providers/Microsoft.Network/publicIPAddresses/aifos-server-ip",
            "idle_timeout_in_minutes": 4,
            "ip_address": "",
            "ip_version": "IPv4",
            "location": "eastus",
            "name": "aifos-server-ip",
            "public_ip_prefix_id": null,
            "resource_group_name": "aifos",
            "reverse_fqdn": null,
            "sku": "Basic",
            "tags": null,
            "timeouts": null,
            "zones": null
          },
          "private": "eyJlMmJmYjczMC1lY2FhLTExZTYtOGY4OC0zNDM2M2JjN2M0YzAiOnsiY3JlYXRlIjoxODAwMDAwMDAwMDAwLCJkZWxldGUiOjE4MDAwMDAwMDAwMDAsInJlYWQiOjMwMDAwMDAwMDAwMCwidXBkYXRlIjoxODAwMDAwMDAwMDAwfX0=",
          "dependencies": [
            "azurerm_resource_group.rg"
          ]
        }
      ]
    },
    {
      "mode": "managed",
      "type": "azurerm_resource_group",
      "name": "rg",
      "provider": "provider[\"registry.terraform.io/hashicorp/azurerm\"]",
      "instances": [
        {
          "schema_version": 0,
          "attributes": {
            "id": "/subscriptions/7e1efc27-a6dc-492a-897a-0dfe7b135285/resourceGroups/aifos",
            "location": "eastus",
            "name": "aifos",
            "tags": {
              "env": "terraform"
            },
            "timeouts": null
          },
          "private": "eyJlMmJmYjczMC1lY2FhLTExZTYtOGY4OC0zNDM2M2JjN2M0YzAiOnsiY3JlYXRlIjo1NDAwMDAwMDAwMDAwLCJkZWxldGUiOjU0MDAwMDAwMDAwMDAsInJlYWQiOjMwMDAwMDAwMDAwMCwidXBkYXRlIjo1NDAwMDAwMDAwMDAwfX0="
        }
      ]
    },
    {
      "mode": "managed",
      "type": "azurerm_subnet",
      "name": "subnet",
      "provider": "provider[\"registry.terraform.io/hashicorp/azurerm\"]",
      "instances": [
        {
          "schema_version": 0,
          "attributes": {
            "address_prefix": "10.0.2.0/24",
            "address_prefixes": [
              "10.0.2.0/24"
            ],
            "delegation": [],
            "enforce_private_link_endpoint_network_policies": false,
            "enforce_private_link_service_network_policies": false,
            "id": "/subscriptions/7e1efc27-a6dc-492a-897a-0dfe7b135285/resourceGroups/aifos/providers/Microsoft.Network/virtualNetworks/aifos-vnet/subnets/aifos-subnet",
            "name": "aifos-subnet",
            "resource_group_name": "aifos",
            "service_endpoints": null,
            "timeouts": null,
            "virtual_network_name": "aifos-vnet"
          },
          "private": "eyJlMmJmYjczMC1lY2FhLTExZTYtOGY4OC0zNDM2M2JjN2M0YzAiOnsiY3JlYXRlIjoxODAwMDAwMDAwMDAwLCJkZWxldGUiOjE4MDAwMDAwMDAwMDAsInJlYWQiOjMwMDAwMDAwMDAwMCwidXBkYXRlIjoxODAwMDAwMDAwMDAwfX0=",
          "dependencies": [
            "azurerm_resource_group.rg",
            "azurerm_virtual_network.vn"
          ]
        }
      ]
    },
    {
      "mode": "managed",
      "type": "azurerm_virtual_machine_extension",
      "name": "cloudinit",
      "provider": "provider[\"registry.terraform.io/hashicorp/azurerm\"]",
      "instances": [
        {
          "schema_version": 0,
          "attributes": {
            "auto_upgrade_minor_version": false,
            "id": "/subscriptions/7e1efc27-a6dc-492a-897a-0dfe7b135285/resourceGroups/aifos/providers/Microsoft.Compute/virtualMachines/aifosserver/extensions/boot_script",
            "name": "boot_script",
            "protected_settings": null,
            "publisher": "Microsoft.Azure.Extensions",
            "settings": "{\"script\":\"IyEvYmluL2Jhc2gNCg0Kc3VkbyBhcHQtZ2V0IHVwZGF0ZQ0Kc3VkbyBhcHQtZ2V0IGluc3RhbGwgbmdpbnggcHl0aG9uMyBweXRob24zLXBpcCAteQ0Kc3VkbyBwaXAzIGluc3RhbGwgY2VydGJvdC1uZ2lueA0KY2F0ID4gYWlmb3Muc21hcnRhcHBob3VzZXMuY29tIDw8IEVPRg0Kc2VydmVyIHsNCiAgICAgICAgc2VydmVyX25hbWUgYWlmb3Muc21hcnRhcHBob3VzZXMuY29tOw0KICAgICAgICBsb2NhdGlvbiAvIHsgcHJveHlfcGFzcyBodHRwOi8vbG9jYWxob3N0OjMzMzMvO30NCn0NCkVPRg0KDQpzdWRvIGNwIGFpZm9zLnNtYXJ0YXBwaG91c2VzLmNvbSAvZXRjL25naW54L3NpdGVzLWF2YWlsYWJsZS8NCnN1ZG8gbG4gLXMgL2V0Yy9uZ2lueC9zaXRlcy1hdmFpbGFibGUvYWlmb3Muc21hcnRhcHBob3VzZXMuY29tIC9ldGMvbmdpbngvc2l0ZXMtZW5hYmxlZC8NCnN1ZG8gY2VydGJvdCAtLW5naW54IC1kIGFpZm9zLnNtYXJ0YXBwaG91c2VzLmNvbSAtLW5vbi1pbnRlcmFjdGl2ZSAtLWFncmVlLXRvcyAtbSBhbGVqYW5kcm8uY2FyYWwuZmVycm9AZ21haWwuY29t\"}",
            "tags": null,
            "timeouts": null,
            "type": "CustomScript",
            "type_handler_version": "2.0",
            "virtual_machine_id": "/subscriptions/7e1efc27-a6dc-492a-897a-0dfe7b135285/resourceGroups/aifos/providers/Microsoft.Compute/virtualMachines/aifosserver"
          },
          "private": "eyJlMmJmYjczMC1lY2FhLTExZTYtOGY4OC0zNDM2M2JjN2M0YzAiOnsiY3JlYXRlIjoxODAwMDAwMDAwMDAwLCJkZWxldGUiOjE4MDAwMDAwMDAwMDAsInJlYWQiOjMwMDAwMDAwMDAwMCwidXBkYXRlIjoxODAwMDAwMDAwMDAwfX0=",
          "dependencies": [
            "azurerm_linux_virtual_machine.server",
            "azurerm_network_interface.vnic",
            "azurerm_public_ip.server-ip",
            "azurerm_resource_group.rg",
            "azurerm_subnet.subnet",
            "azurerm_virtual_network.vn",
            "tls_private_key.ssh"
          ]
        }
      ]
    },
    {
      "mode": "managed",
      "type": "azurerm_virtual_network",
      "name": "vn",
      "provider": "provider[\"registry.terraform.io/hashicorp/azurerm\"]",
      "instances": [
        {
          "schema_version": 0,
          "attributes": {
            "address_space": [
              "10.0.0.0/16"
            ],
            "bgp_community": "",
            "ddos_protection_plan": [],
            "dns_servers": null,
            "guid": "84ed8ca6-9340-49eb-9a6f-907fb6051b27",
            "id": "/subscriptions/7e1efc27-a6dc-492a-897a-0dfe7b135285/resourceGroups/aifos/providers/Microsoft.Network/virtualNetworks/aifos-vnet",
            "location": "eastus",
            "name": "aifos-vnet",
            "resource_group_name": "aifos",
            "subnet": [],
            "tags": {
              "env": "terraform"
            },
            "timeouts": null,
            "vm_protection_enabled": false
          },
          "private": "eyJlMmJmYjczMC1lY2FhLTExZTYtOGY4OC0zNDM2M2JjN2M0YzAiOnsiY3JlYXRlIjoxODAwMDAwMDAwMDAwLCJkZWxldGUiOjE4MDAwMDAwMDAwMDAsInJlYWQiOjMwMDAwMDAwMDAwMCwidXBkYXRlIjoxODAwMDAwMDAwMDAwfX0=",
          "dependencies": [
            "azurerm_resource_group.rg"
          ]
        }
      ]
    },
    {
      "mode": "managed",
      "type": "local_file",
      "name": "name_server",
      "provider": "provider[\"registry.terraform.io/hashicorp/local\"]",
      "instances": [
        {
          "schema_version": 0,
          "attributes": {
            "content": "ns1-03.azure-dns.com., ns2-03.azure-dns.net., ns3-03.azure-dns.org., ns4-03.azure-dns.info.",
            "content_base64": null,
            "directory_permission": "0777",
            "file_permission": "0777",
            "filename": "dns_name_servers.txt",
            "id": "872448e79fa6a0ab4e55438b8a461cfa2b6ba391",
            "sensitive_content": null,
            "source": null
          },
          "private": "bnVsbA==",
          "dependencies": [
            "azurerm_dns_zone.dnszone",
            "azurerm_resource_group.rg"
          ]
        }
      ]
    },
    {
      "mode": "managed",
      "type": "local_file",
      "name": "server-ip",
      "provider": "provider[\"registry.terraform.io/hashicorp/local\"]",
      "instances": [
        {
          "schema_version": 0,
          "attributes": {
            "content": "40.87.48.89",
            "content_base64": null,
            "directory_permission": "0777",
            "file_permission": "0777",
            "filename": "server-ip.txt",
            "id": "0d42733a0d9083eb5a1b3f985a6834d2620313d6",
            "sensitive_content": null,
            "source": null
          },
          "private": "bnVsbA==",
          "dependencies": [
            "azurerm_linux_virtual_machine.server",
            "azurerm_network_interface.vnic",
            "azurerm_public_ip.server-ip",
            "azurerm_resource_group.rg",
            "azurerm_subnet.subnet",
            "azurerm_virtual_network.vn",
            "data.azurerm_public_ip.server-ip",
            "tls_private_key.ssh"
          ]
        }
      ]
    },
    {
      "mode": "managed",
      "type": "local_file",
      "name": "sesrver_key",
      "provider": "provider[\"registry.terraform.io/hashicorp/local\"]",
      "instances": [
        {
          "schema_version": 0,
          "attributes": {
            "content": "-----BEGIN RSA PRIVATE KEY-----\nMIIJKAIBAAKCAgEAtgF0Ck9Q9yJnMNGnCM/G82DX0VSlYk+7i/sjqJd5p5doAdJV\n6F1jP4Dg54m7i5307HjNER5051BX8Gn1sZ5Qxt7L9P569mr/xhIwfDs/bcStG3Ew\nyuyuWJKE9EZNTyHk2r1S0J827p0RCKe/K23NbeYMbDrGWVkL2OO5M6h0J6xpM3bS\nqKq142Qd47ymyoxAN+m1RD1YMn/vraeEiDXbHSfFgW6wbiKrPf6gvpIh3CtqzHeq\nLOyAZtXV7FrHoTeXk3qghgF8jN/afc3bRbdxh02Fq82Xqp5qT4jCdP+huzSKFtHR\n9mWisvsNvydHI43h6vKj4Bz9DszThI05AGfTpOY7sjtpfWhJ5x4lC40Q+XIyEvUG\nsePLXtTnAFTvBUySXis2duW2ZUXUmzzZD7gEGlZLgH6/Xx7xwfH4Bvx9wSApvVUg\n07NgwhD7hLl93z3ZVEIJuJwwyT8QE0gzlAy601BM7GzDCvhwThPzu9EhTpbTnM9m\nZt8U8zqgSj5/i6pnQ5bvH2VEfbQMaROy6rNV+kJ9sLdDsL1wjVgZkJtoDlLMISKj\n1yZGJJrcSHmX2hV4eK/5NuJSgU70zPuL6jjCb7A1wCMSdl5T1dooJuwSY3o73dxn\nLhU+3hMrs6JwwNVCZiVCy/wQBy1ErvdFdq/GyTxCxyVFedGLcXdvKk77bvkCAwEA\nAQKCAgAf+pNj+Fm2goH1DvE1WCSRwLNK4X+JjY7bYo36YlsKukyY/VcA09/LWZ6q\nsAWW23McVYFaf6p0tiYtZMC5q6JvvtfBPTFnuJcmOy3vtg1IASWVS8cR8JIVl/Dq\nZqvQupjWYit54m+pb0l95tNtEwbkR2ZpYc5WBpJRUnnI/NEj42Q8maUb45q/0Gh8\nCjqYHhpueI7T5Z9oiBgZv/RGZogQUFugiU1QnKDP7Lxbn5t5btt9/4yUBh3tc6b5\nt12aEwV78TDhOsOikPZ34kKjtj6pUlKpRB9g6CKvxMy99+h31xxoNAebLnJu1jOt\nIX6bXaOTP3zRtOY1woFrqdCZJKUH6U4zpGan4MUR6XV79HGPcr9DQsoFr/uJBl9u\nxU+KRdKMOsv+LhYSRJ0leqgkt62izTiR+xQHfdZAT5dEwQ8D7guKRJTYnYHoLu6o\n+1wMyc7ZoooQJ2oCbQtSE7sTPQet07AttE3+xT+y5aBUdVsu0vjwQNqUOhgQwSck\ngvlW0rjL6nba4/aA+JzMFd99i3ayptWAVFCgC1gnW21sPlphTkhbccCfmLR2gUEP\nxN4yt7SZdnD7jUlQapoGGshCUXL5Nl3jRR9RDIgCL7RAv8Eaw3TWd3j2sTL9u72p\nB4jaEgb1ZUZXrV0uOXZOePQ/no8bhfP3BNBfFUzUPNNMy00UzQKCAQEAz3D4o52q\npnS9OGcn4SPG9QaF8Qca5cFgc7+YZDapbVyTRqNXm5/FWeQwD4QEWk5lIXJBVvDl\ngYhffJ42kfOkLf+rh9ObhFxHNU6qQyXMOSyLGv5kBytUdzbf8qexKRScbz2hisZv\nrpHz00vPPyL8+yercaLGvic3+ueJfejowEwxxuHHFooSXyn/898LRPUYlxIAcY1G\nePJX0IO0wfI4WwwyyC25CbsP7bBCrVcYoJqeI59lnvQG25N9BGVZaa7gVL4eE79L\nKVXyp+SfcGQL13aa/9p0eCs+Nui/Xapd3AB+iYhrPhq/OHOOF7+rQt+gRZ1CsoSN\nX9Ko680UHHUmgwKCAQEA4Jw9QkkpDUQ9vR2Fix+CpnYMtt6nYIsjcSxFh/Tn0ECH\nhcuXeSAcHamhXEtXzZ3/fH5hbDEJ27YJbFs1AhO6hix2r/9b7LXf+OQwvmWWhd9U\nyEEYCLwM0r9oqtMSy+4BF5J5W95Y68XZi4chVWAGGu6iKKI7P2brtaROnHy38cjA\nxZBTxrohuCH0v3CNwJYlgmvzo5OXjfcGEurbyalr3M/r/o2nRlwwZ+g3BVKpW/tr\nGVXh7lt7zwhHvnOHuPiwbkXz8Ir9PCB8juTsK84fVQ6KBNMEwPGWxgVa0efPVaFW\nNOlVKm47SsaXioOgGYoeKE08OMlUXQDvowJWQZm70wKCAQEAvE98luLY+FR/NUWH\nkTyuLt5mFuBxTWKXUVv7VfW9JjbkxzoenHqUZ77a1irs3KHP8mXK5Ma4QTdwHyts\ntF+tichPiXTR93zhc4Xe0Cfu1XQXL0EBwvRVsAcTky8hhv5b6CvViqoK1jlOU2C9\nWT5E0yY232h57EKj8dPgH3mgWHiSs01gMpjShqsU2+h9TXMFiJZh6rLp539vsizt\nmSZufFB9hPTkxe2XTxkz3jFzfM//gK0BTiOOWiPwWF48pdCHesY/fYOpEnQgXMMQ\n7bEUgtr7aAmCs1fmGWh91+SBYebc97LsT6tuLSvRMMPhD0r8LlXNJ0tnHzaX+77m\nY9MBSwKCAQAgAOMRoM8CnuiVG7G9gv3grg1duRfsP6cLJx25I4IsQCWPQNUSYyre\nZx8gwXN/TrXqjS9gdRRMhAGPuOcyppD7MTawGRiF/9wr4Ie5eUwbQxkXd37vL6w8\nEx3cyTpyaDUroKk+F85fuc8nfFeZjJcSG1Jrq8H5ZLbNKN4ymeqzvsEI5WmqdTb8\nv4naBTWNbVdm3+7VLeB4T+xDocczUrqVueKMYK6m7dfP1lyQm5iaDJbUA1Kv3cUk\nWK+wSVHbX0P0Um9RpNw0RwS4b5HfI/1+5xVvXonc3A95o6WvJvJ55wUbgOurog08\nuFM7X0nembl2UJr2FGm63rlGZrzXmAoVAoIBAHoF2Omm7rB9Qmg27Ccd2cwa0U1N\nL93yUYQzqzFApf0uy9kXGkFsTW9HJCzwofDrX4CIDEkSPWMPWxcb6CCRQHGaKp+1\nEkiQQ8UYsmQdlu9PcLttsPp1qSpAo4rz0zM7DYxpsaBg7ZmwxPXdxSR1lnYqjtjq\nfoZdq31qKlmbZn3ArgsWuJiHfbJ7ckn9JYiXS+r6nXZsc1HupkdiZZjKzJw4SL4F\nIjo1xZHH3cNltYwqxHeRefSDnZ6Pl1mhL6rOg+pfk00Iru6iU1AWyTmFe/NReGD2\nHu1EnDz7ZzeRQFu9mkBWcs2+kf6UvX2ntQa79y6AtO8osDdxtbtBnefL2FU=\n-----END RSA PRIVATE KEY-----\n",
            "content_base64": null,
            "directory_permission": "0777",
            "file_permission": "0777",
            "filename": "server_key.pem",
            "id": "71fbf92ba7a0dbeea83492eb9bc53a4dfd66cb89",
            "sensitive_content": null,
            "source": null
          },
          "private": "bnVsbA==",
          "dependencies": [
            "tls_private_key.ssh"
          ]
        }
      ]
    },
    {
      "mode": "managed",
      "type": "tls_private_key",
      "name": "ssh",
      "provider": "provider[\"registry.terraform.io/hashicorp/tls\"]",
      "instances": [
        {
          "schema_version": 0,
          "attributes": {
            "algorithm": "RSA",
            "ecdsa_curve": "P224",
            "id": "1930d6aab1c5ef1a577f620c98bc3d895c287822",
            "private_key_pem": "-----BEGIN RSA PRIVATE KEY-----\nMIIJKAIBAAKCAgEAtgF0Ck9Q9yJnMNGnCM/G82DX0VSlYk+7i/sjqJd5p5doAdJV\n6F1jP4Dg54m7i5307HjNER5051BX8Gn1sZ5Qxt7L9P569mr/xhIwfDs/bcStG3Ew\nyuyuWJKE9EZNTyHk2r1S0J827p0RCKe/K23NbeYMbDrGWVkL2OO5M6h0J6xpM3bS\nqKq142Qd47ymyoxAN+m1RD1YMn/vraeEiDXbHSfFgW6wbiKrPf6gvpIh3CtqzHeq\nLOyAZtXV7FrHoTeXk3qghgF8jN/afc3bRbdxh02Fq82Xqp5qT4jCdP+huzSKFtHR\n9mWisvsNvydHI43h6vKj4Bz9DszThI05AGfTpOY7sjtpfWhJ5x4lC40Q+XIyEvUG\nsePLXtTnAFTvBUySXis2duW2ZUXUmzzZD7gEGlZLgH6/Xx7xwfH4Bvx9wSApvVUg\n07NgwhD7hLl93z3ZVEIJuJwwyT8QE0gzlAy601BM7GzDCvhwThPzu9EhTpbTnM9m\nZt8U8zqgSj5/i6pnQ5bvH2VEfbQMaROy6rNV+kJ9sLdDsL1wjVgZkJtoDlLMISKj\n1yZGJJrcSHmX2hV4eK/5NuJSgU70zPuL6jjCb7A1wCMSdl5T1dooJuwSY3o73dxn\nLhU+3hMrs6JwwNVCZiVCy/wQBy1ErvdFdq/GyTxCxyVFedGLcXdvKk77bvkCAwEA\nAQKCAgAf+pNj+Fm2goH1DvE1WCSRwLNK4X+JjY7bYo36YlsKukyY/VcA09/LWZ6q\nsAWW23McVYFaf6p0tiYtZMC5q6JvvtfBPTFnuJcmOy3vtg1IASWVS8cR8JIVl/Dq\nZqvQupjWYit54m+pb0l95tNtEwbkR2ZpYc5WBpJRUnnI/NEj42Q8maUb45q/0Gh8\nCjqYHhpueI7T5Z9oiBgZv/RGZogQUFugiU1QnKDP7Lxbn5t5btt9/4yUBh3tc6b5\nt12aEwV78TDhOsOikPZ34kKjtj6pUlKpRB9g6CKvxMy99+h31xxoNAebLnJu1jOt\nIX6bXaOTP3zRtOY1woFrqdCZJKUH6U4zpGan4MUR6XV79HGPcr9DQsoFr/uJBl9u\nxU+KRdKMOsv+LhYSRJ0leqgkt62izTiR+xQHfdZAT5dEwQ8D7guKRJTYnYHoLu6o\n+1wMyc7ZoooQJ2oCbQtSE7sTPQet07AttE3+xT+y5aBUdVsu0vjwQNqUOhgQwSck\ngvlW0rjL6nba4/aA+JzMFd99i3ayptWAVFCgC1gnW21sPlphTkhbccCfmLR2gUEP\nxN4yt7SZdnD7jUlQapoGGshCUXL5Nl3jRR9RDIgCL7RAv8Eaw3TWd3j2sTL9u72p\nB4jaEgb1ZUZXrV0uOXZOePQ/no8bhfP3BNBfFUzUPNNMy00UzQKCAQEAz3D4o52q\npnS9OGcn4SPG9QaF8Qca5cFgc7+YZDapbVyTRqNXm5/FWeQwD4QEWk5lIXJBVvDl\ngYhffJ42kfOkLf+rh9ObhFxHNU6qQyXMOSyLGv5kBytUdzbf8qexKRScbz2hisZv\nrpHz00vPPyL8+yercaLGvic3+ueJfejowEwxxuHHFooSXyn/898LRPUYlxIAcY1G\nePJX0IO0wfI4WwwyyC25CbsP7bBCrVcYoJqeI59lnvQG25N9BGVZaa7gVL4eE79L\nKVXyp+SfcGQL13aa/9p0eCs+Nui/Xapd3AB+iYhrPhq/OHOOF7+rQt+gRZ1CsoSN\nX9Ko680UHHUmgwKCAQEA4Jw9QkkpDUQ9vR2Fix+CpnYMtt6nYIsjcSxFh/Tn0ECH\nhcuXeSAcHamhXEtXzZ3/fH5hbDEJ27YJbFs1AhO6hix2r/9b7LXf+OQwvmWWhd9U\nyEEYCLwM0r9oqtMSy+4BF5J5W95Y68XZi4chVWAGGu6iKKI7P2brtaROnHy38cjA\nxZBTxrohuCH0v3CNwJYlgmvzo5OXjfcGEurbyalr3M/r/o2nRlwwZ+g3BVKpW/tr\nGVXh7lt7zwhHvnOHuPiwbkXz8Ir9PCB8juTsK84fVQ6KBNMEwPGWxgVa0efPVaFW\nNOlVKm47SsaXioOgGYoeKE08OMlUXQDvowJWQZm70wKCAQEAvE98luLY+FR/NUWH\nkTyuLt5mFuBxTWKXUVv7VfW9JjbkxzoenHqUZ77a1irs3KHP8mXK5Ma4QTdwHyts\ntF+tichPiXTR93zhc4Xe0Cfu1XQXL0EBwvRVsAcTky8hhv5b6CvViqoK1jlOU2C9\nWT5E0yY232h57EKj8dPgH3mgWHiSs01gMpjShqsU2+h9TXMFiJZh6rLp539vsizt\nmSZufFB9hPTkxe2XTxkz3jFzfM//gK0BTiOOWiPwWF48pdCHesY/fYOpEnQgXMMQ\n7bEUgtr7aAmCs1fmGWh91+SBYebc97LsT6tuLSvRMMPhD0r8LlXNJ0tnHzaX+77m\nY9MBSwKCAQAgAOMRoM8CnuiVG7G9gv3grg1duRfsP6cLJx25I4IsQCWPQNUSYyre\nZx8gwXN/TrXqjS9gdRRMhAGPuOcyppD7MTawGRiF/9wr4Ie5eUwbQxkXd37vL6w8\nEx3cyTpyaDUroKk+F85fuc8nfFeZjJcSG1Jrq8H5ZLbNKN4ymeqzvsEI5WmqdTb8\nv4naBTWNbVdm3+7VLeB4T+xDocczUrqVueKMYK6m7dfP1lyQm5iaDJbUA1Kv3cUk\nWK+wSVHbX0P0Um9RpNw0RwS4b5HfI/1+5xVvXonc3A95o6WvJvJ55wUbgOurog08\nuFM7X0nembl2UJr2FGm63rlGZrzXmAoVAoIBAHoF2Omm7rB9Qmg27Ccd2cwa0U1N\nL93yUYQzqzFApf0uy9kXGkFsTW9HJCzwofDrX4CIDEkSPWMPWxcb6CCRQHGaKp+1\nEkiQQ8UYsmQdlu9PcLttsPp1qSpAo4rz0zM7DYxpsaBg7ZmwxPXdxSR1lnYqjtjq\nfoZdq31qKlmbZn3ArgsWuJiHfbJ7ckn9JYiXS+r6nXZsc1HupkdiZZjKzJw4SL4F\nIjo1xZHH3cNltYwqxHeRefSDnZ6Pl1mhL6rOg+pfk00Iru6iU1AWyTmFe/NReGD2\nHu1EnDz7ZzeRQFu9mkBWcs2+kf6UvX2ntQa79y6AtO8osDdxtbtBnefL2FU=\n-----END RSA PRIVATE KEY-----\n",
            "public_key_fingerprint_md5": "92:8b:ba:f5:80:c8:e0:25:2e:cf:68:17:40:aa:db:79",
            "public_key_openssh": "ssh-rsa AAAAB3NzaC1yc2EAAAADAQABAAACAQC2AXQKT1D3Imcw0acIz8bzYNfRVKViT7uL+yOol3mnl2gB0lXoXWM/gODnibuLnfTseM0RHnTnUFfwafWxnlDG3sv0/nr2av/GEjB8Oz9txK0bcTDK7K5YkoT0Rk1PIeTavVLQnzbunREIp78rbc1t5gxsOsZZWQvY47kzqHQnrGkzdtKoqrXjZB3jvKbKjEA36bVEPVgyf++tp4SINdsdJ8WBbrBuIqs9/qC+kiHcK2rMd6os7IBm1dXsWsehN5eTeqCGAXyM39p9zdtFt3GHTYWrzZeqnmpPiMJ0/6G7NIoW0dH2ZaKy+w2/J0cjjeHq8qPgHP0OzNOEjTkAZ9Ok5juyO2l9aEnnHiULjRD5cjIS9Qax48te1OcAVO8FTJJeKzZ25bZlRdSbPNkPuAQaVkuAfr9fHvHB8fgG/H3BICm9VSDTs2DCEPuEuX3fPdlUQgm4nDDJPxATSDOUDLrTUEzsbMMK+HBOE/O70SFOltOcz2Zm3xTzOqBKPn+LqmdDlu8fZUR9tAxpE7Lqs1X6Qn2wt0OwvXCNWBmQm2gOUswhIqPXJkYkmtxIeZfaFXh4r/k24lKBTvTM+4vqOMJvsDXAIxJ2XlPV2igm7BJjejvd3GcuFT7eEyuzonDA1UJmJULL/BAHLUSu90V2r8bJPELHJUV50Ytxd28qTvtu+Q==\n",
            "public_key_pem": "-----BEGIN PUBLIC KEY-----\nMIICIjANBgkqhkiG9w0BAQEFAAOCAg8AMIICCgKCAgEAtgF0Ck9Q9yJnMNGnCM/G\n82DX0VSlYk+7i/sjqJd5p5doAdJV6F1jP4Dg54m7i5307HjNER5051BX8Gn1sZ5Q\nxt7L9P569mr/xhIwfDs/bcStG3EwyuyuWJKE9EZNTyHk2r1S0J827p0RCKe/K23N\nbeYMbDrGWVkL2OO5M6h0J6xpM3bSqKq142Qd47ymyoxAN+m1RD1YMn/vraeEiDXb\nHSfFgW6wbiKrPf6gvpIh3CtqzHeqLOyAZtXV7FrHoTeXk3qghgF8jN/afc3bRbdx\nh02Fq82Xqp5qT4jCdP+huzSKFtHR9mWisvsNvydHI43h6vKj4Bz9DszThI05AGfT\npOY7sjtpfWhJ5x4lC40Q+XIyEvUGsePLXtTnAFTvBUySXis2duW2ZUXUmzzZD7gE\nGlZLgH6/Xx7xwfH4Bvx9wSApvVUg07NgwhD7hLl93z3ZVEIJuJwwyT8QE0gzlAy6\n01BM7GzDCvhwThPzu9EhTpbTnM9mZt8U8zqgSj5/i6pnQ5bvH2VEfbQMaROy6rNV\n+kJ9sLdDsL1wjVgZkJtoDlLMISKj1yZGJJrcSHmX2hV4eK/5NuJSgU70zPuL6jjC\nb7A1wCMSdl5T1dooJuwSY3o73dxnLhU+3hMrs6JwwNVCZiVCy/wQBy1ErvdFdq/G\nyTxCxyVFedGLcXdvKk77bvkCAwEAAQ==\n-----END PUBLIC KEY-----\n",
            "rsa_bits": 4096
          },
          "private": "bnVsbA=="
        }
      ]
    }
  ]
}
